// !$*UTF8*$!
{
	archiveVersion = 1;
	classes = {
	};
	objectVersion = 55;
	objects = {

/* Begin PBXBuildFile section */
		427CB1A628DDC8AE004AFB6D /* AppDelegate.swift in Sources */ = {isa = PBXBuildFile; fileRef = 427CB1A528DDC8AE004AFB6D /* AppDelegate.swift */; };
		427CB1A828DDC8AE004AFB6D /* SceneDelegate.swift in Sources */ = {isa = PBXBuildFile; fileRef = 427CB1A728DDC8AE004AFB6D /* SceneDelegate.swift */; };
		427CB1AA28DDC8AE004AFB6D /* ViewController.swift in Sources */ = {isa = PBXBuildFile; fileRef = 427CB1A928DDC8AE004AFB6D /* ViewController.swift */; };
		427CB1AD28DDC8AE004AFB6D /* Main.storyboard in Resources */ = {isa = PBXBuildFile; fileRef = 427CB1AB28DDC8AE004AFB6D /* Main.storyboard */; };
		427CB1AF28DDC8B1004AFB6D /* Assets.xcassets in Resources */ = {isa = PBXBuildFile; fileRef = 427CB1AE28DDC8B1004AFB6D /* Assets.xcassets */; };
		427CB1B228DDC8B1004AFB6D /* LaunchScreen.storyboard in Resources */ = {isa = PBXBuildFile; fileRef = 427CB1B028DDC8B1004AFB6D /* LaunchScreen.storyboard */; };
		427CB1C028DDC94D004AFB6D /* Network.swift in Sources */ = {isa = PBXBuildFile; fileRef = 427CB1BF28DDC94D004AFB6D /* Network.swift */; };
		427CB1C328DDC966004AFB6D /* MainModel.swift in Sources */ = {isa = PBXBuildFile; fileRef = 427CB1C228DDC966004AFB6D /* MainModel.swift */; };
		427CB1C728DDC99C004AFB6D /* Int+Extension.swift in Sources */ = {isa = PBXBuildFile; fileRef = 427CB1C628DDC99C004AFB6D /* Int+Extension.swift */; };
		427CB1C928DDC9D4004AFB6D /* String+Extension.swift in Sources */ = {isa = PBXBuildFile; fileRef = 427CB1C828DDC9D4004AFB6D /* String+Extension.swift */; };
		427CB1CD28DDCABA004AFB6D /* ViewControllerViewModel.swift in Sources */ = {isa = PBXBuildFile; fileRef = 427CB1CC28DDCABA004AFB6D /* ViewControllerViewModel.swift */; };
		427CB1CF28DDCB00004AFB6D /* ViewControllerViewModelDelegate.swift in Sources */ = {isa = PBXBuildFile; fileRef = 427CB1CE28DDCB00004AFB6D /* ViewControllerViewModelDelegate.swift */; };
		427CB1D128DDCE6A004AFB6D /* APIErrorModel.swift in Sources */ = {isa = PBXBuildFile; fileRef = 427CB1D028DDCE6A004AFB6D /* APIErrorModel.swift */; };
		427CB1D328DDCF28004AFB6D /* RequestType.swift in Sources */ = {isa = PBXBuildFile; fileRef = 427CB1D228DDCF27004AFB6D /* RequestType.swift */; };
		427CB1D628DDCFB3004AFB6D /* Logger.swift in Sources */ = {isa = PBXBuildFile; fileRef = 427CB1D528DDCFB3004AFB6D /* Logger.swift */; };
		427CB1D828DDD0FF004AFB6D /* CustomError.swift in Sources */ = {isa = PBXBuildFile; fileRef = 427CB1D728DDD0FF004AFB6D /* CustomError.swift */; };
		427CB1DA28DDDA33004AFB6D /* Data+Extension.swift in Sources */ = {isa = PBXBuildFile; fileRef = 427CB1D928DDDA33004AFB6D /* Data+Extension.swift */; };
		427CB1E028DDED79004AFB6D /* BaseViewController.swift in Sources */ = {isa = PBXBuildFile; fileRef = 427CB1DE28DDED79004AFB6D /* BaseViewController.swift */; };
		427CB1E128DDED79004AFB6D /* BaseViewController.xib in Resources */ = {isa = PBXBuildFile; fileRef = 427CB1DF28DDED79004AFB6D /* BaseViewController.xib */; };
/* End PBXBuildFile section */

/* Begin PBXFileReference section */
		427CB1A228DDC8AE004AFB6D /* TheOpenMovieDatabase.app */ = {isa = PBXFileReference; explicitFileType = wrapper.application; includeInIndex = 0; path = TheOpenMovieDatabase.app; sourceTree = BUILT_PRODUCTS_DIR; };
		427CB1A528DDC8AE004AFB6D /* AppDelegate.swift */ = {isa = PBXFileReference; lastKnownFileType = sourcecode.swift; path = AppDelegate.swift; sourceTree = "<group>"; };
		427CB1A728DDC8AE004AFB6D /* SceneDelegate.swift */ = {isa = PBXFileReference; lastKnownFileType = sourcecode.swift; path = SceneDelegate.swift; sourceTree = "<group>"; };
		427CB1A928DDC8AE004AFB6D /* ViewController.swift */ = {isa = PBXFileReference; lastKnownFileType = sourcecode.swift; path = ViewController.swift; sourceTree = "<group>"; };
		427CB1AC28DDC8AE004AFB6D /* Base */ = {isa = PBXFileReference; lastKnownFileType = file.storyboard; name = Base; path = Base.lproj/Main.storyboard; sourceTree = "<group>"; };
		427CB1AE28DDC8B1004AFB6D /* Assets.xcassets */ = {isa = PBXFileReference; lastKnownFileType = folder.assetcatalog; path = Assets.xcassets; sourceTree = "<group>"; };
		427CB1B128DDC8B1004AFB6D /* Base */ = {isa = PBXFileReference; lastKnownFileType = file.storyboard; name = Base; path = Base.lproj/LaunchScreen.storyboard; sourceTree = "<group>"; };
		427CB1B328DDC8B1004AFB6D /* Info.plist */ = {isa = PBXFileReference; lastKnownFileType = text.plist.xml; path = Info.plist; sourceTree = "<group>"; };
		427CB1BF28DDC94D004AFB6D /* Network.swift */ = {isa = PBXFileReference; lastKnownFileType = sourcecode.swift; path = Network.swift; sourceTree = "<group>"; };
		427CB1C228DDC966004AFB6D /* MainModel.swift */ = {isa = PBXFileReference; lastKnownFileType = sourcecode.swift; path = MainModel.swift; sourceTree = "<group>"; };
		427CB1C628DDC99C004AFB6D /* Int+Extension.swift */ = {isa = PBXFileReference; lastKnownFileType = sourcecode.swift; path = "Int+Extension.swift"; sourceTree = "<group>"; };
		427CB1C828DDC9D4004AFB6D /* String+Extension.swift */ = {isa = PBXFileReference; lastKnownFileType = sourcecode.swift; path = "String+Extension.swift"; sourceTree = "<group>"; };
		427CB1CC28DDCABA004AFB6D /* ViewControllerViewModel.swift */ = {isa = PBXFileReference; lastKnownFileType = sourcecode.swift; path = ViewControllerViewModel.swift; sourceTree = "<group>"; };
		427CB1CE28DDCB00004AFB6D /* ViewControllerViewModelDelegate.swift */ = {isa = PBXFileReference; lastKnownFileType = sourcecode.swift; path = ViewControllerViewModelDelegate.swift; sourceTree = "<group>"; };
		427CB1D028DDCE6A004AFB6D /* APIErrorModel.swift */ = {isa = PBXFileReference; lastKnownFileType = sourcecode.swift; path = APIErrorModel.swift; sourceTree = "<group>"; };
		427CB1D228DDCF27004AFB6D /* RequestType.swift */ = {isa = PBXFileReference; lastKnownFileType = sourcecode.swift; path = RequestType.swift; sourceTree = "<group>"; };
		427CB1D528DDCFB3004AFB6D /* Logger.swift */ = {isa = PBXFileReference; lastKnownFileType = sourcecode.swift; path = Logger.swift; sourceTree = "<group>"; };
		427CB1D728DDD0FF004AFB6D /* CustomError.swift */ = {isa = PBXFileReference; lastKnownFileType = sourcecode.swift; path = CustomError.swift; sourceTree = "<group>"; };
		427CB1D928DDDA33004AFB6D /* Data+Extension.swift */ = {isa = PBXFileReference; lastKnownFileType = sourcecode.swift; path = "Data+Extension.swift"; sourceTree = "<group>"; };
		427CB1DE28DDED79004AFB6D /* BaseViewController.swift */ = {isa = PBXFileReference; lastKnownFileType = sourcecode.swift; path = BaseViewController.swift; sourceTree = "<group>"; };
		427CB1DF28DDED79004AFB6D /* BaseViewController.xib */ = {isa = PBXFileReference; lastKnownFileType = file.xib; path = BaseViewController.xib; sourceTree = "<group>"; };
/* End PBXFileReference section */

/* Begin PBXFrameworksBuildPhase section */
		427CB19F28DDC8AE004AFB6D /* Frameworks */ = {
			isa = PBXFrameworksBuildPhase;
			buildActionMask = 2147483647;
			files = (
			);
			runOnlyForDeploymentPostprocessing = 0;
		};
/* End PBXFrameworksBuildPhase section */

/* Begin PBXGroup section */
		427CB19928DDC8AE004AFB6D = {
			isa = PBXGroup;
			children = (
				427CB1A428DDC8AE004AFB6D /* TheOpenMovieDatabase */,
				427CB1A328DDC8AE004AFB6D /* Products */,
			);
			sourceTree = "<group>";
		};
		427CB1A328DDC8AE004AFB6D /* Products */ = {
			isa = PBXGroup;
			children = (
				427CB1A228DDC8AE004AFB6D /* TheOpenMovieDatabase.app */,
			);
			name = Products;
			sourceTree = "<group>";
		};
		427CB1A428DDC8AE004AFB6D /* TheOpenMovieDatabase */ = {
			isa = PBXGroup;
			children = (
				427CB1C428DDC97A004AFB6D /* Utils */,
				427CB1C128DDC95B004AFB6D /* Model */,
				427CB1BE28DDC942004AFB6D /* Network */,
				427CB1B928DDC8E6004AFB6D /* Delegate */,
				427CB1BA28DDC8F3004AFB6D /* Screens */,
				427CB1BD28DDC935004AFB6D /* Storyboards */,
				427CB1AE28DDC8B1004AFB6D /* Assets.xcassets */,
				427CB1B328DDC8B1004AFB6D /* Info.plist */,
			);
			path = TheOpenMovieDatabase;
			sourceTree = "<group>";
		};
		427CB1B928DDC8E6004AFB6D /* Delegate */ = {
			isa = PBXGroup;
			children = (
				427CB1A528DDC8AE004AFB6D /* AppDelegate.swift */,
				427CB1A728DDC8AE004AFB6D /* SceneDelegate.swift */,
			);
			path = Delegate;
			sourceTree = "<group>";
		};
		427CB1BA28DDC8F3004AFB6D /* Screens */ = {
			isa = PBXGroup;
			children = (
				427CB1CA28DDCA6E004AFB6D /* CommonViews */,
				427CB1BB28DDC905004AFB6D /* ViewController */,
			);
			path = Screens;
			sourceTree = "<group>";
		};
		427CB1BB28DDC905004AFB6D /* ViewController */ = {
			isa = PBXGroup;
			children = (
				427CB1DD28DDED60004AFB6D /* BaseVC */,
				427CB1CB28DDCAA2004AFB6D /* ViewModel */,
				427CB1BC28DDC923004AFB6D /* View */,
			);
			path = ViewController;
			sourceTree = "<group>";
		};
		427CB1BC28DDC923004AFB6D /* View */ = {
			isa = PBXGroup;
			children = (
				427CB1A928DDC8AE004AFB6D /* ViewController.swift */,
			);
			path = View;
			sourceTree = "<group>";
		};
		427CB1BD28DDC935004AFB6D /* Storyboards */ = {
			isa = PBXGroup;
			children = (
				427CB1AB28DDC8AE004AFB6D /* Main.storyboard */,
				427CB1B028DDC8B1004AFB6D /* LaunchScreen.storyboard */,
			);
			path = Storyboards;
			sourceTree = "<group>";
		};
		427CB1BE28DDC942004AFB6D /* Network */ = {
			isa = PBXGroup;
			children = (
				427CB1BF28DDC94D004AFB6D /* Network.swift */,
				427CB1D228DDCF27004AFB6D /* RequestType.swift */,
			);
			path = Network;
			sourceTree = "<group>";
		};
		427CB1C128DDC95B004AFB6D /* Model */ = {
			isa = PBXGroup;
			children = (
				427CB1D728DDD0FF004AFB6D /* CustomError.swift */,
				427CB1C228DDC966004AFB6D /* MainModel.swift */,
				427CB1D028DDCE6A004AFB6D /* APIErrorModel.swift */,
			);
			path = Model;
			sourceTree = "<group>";
		};
		427CB1C428DDC97A004AFB6D /* Utils */ = {
			isa = PBXGroup;
			children = (
				427CB1D428DDCFA6004AFB6D /* Helpers */,
				427CB1C528DDC98D004AFB6D /* Extensions */,
			);
			path = Utils;
			sourceTree = "<group>";
		};
		427CB1C528DDC98D004AFB6D /* Extensions */ = {
			isa = PBXGroup;
			children = (
				427CB1C628DDC99C004AFB6D /* Int+Extension.swift */,
				427CB1C828DDC9D4004AFB6D /* String+Extension.swift */,
				427CB1D928DDDA33004AFB6D /* Data+Extension.swift */,
			);
			path = Extensions;
			sourceTree = "<group>";
		};
		427CB1CA28DDCA6E004AFB6D /* CommonViews */ = {
			isa = PBXGroup;
			children = (
			);
			path = CommonViews;
			sourceTree = "<group>";
		};
		427CB1CB28DDCAA2004AFB6D /* ViewModel */ = {
			isa = PBXGroup;
			children = (
				427CB1CC28DDCABA004AFB6D /* ViewControllerViewModel.swift */,
				427CB1CE28DDCB00004AFB6D /* ViewControllerViewModelDelegate.swift */,
			);
			path = ViewModel;
			sourceTree = "<group>";
		};
		427CB1D428DDCFA6004AFB6D /* Helpers */ = {
			isa = PBXGroup;
			children = (
				427CB1D528DDCFB3004AFB6D /* Logger.swift */,
			);
			path = Helpers;
			sourceTree = "<group>";
		};
		427CB1DD28DDED60004AFB6D /* BaseVC */ = {
			isa = PBXGroup;
			children = (
				427CB1DE28DDED79004AFB6D /* BaseViewController.swift */,
				427CB1DF28DDED79004AFB6D /* BaseViewController.xib */,
			);
			path = BaseVC;
			sourceTree = "<group>";
		};
/* End PBXGroup section */

/* Begin PBXNativeTarget section */
		427CB1A128DDC8AE004AFB6D /* TheOpenMovieDatabase */ = {
			isa = PBXNativeTarget;
			buildConfigurationList = 427CB1B628DDC8B1004AFB6D /* Build configuration list for PBXNativeTarget "TheOpenMovieDatabase" */;
			buildPhases = (
				427CB19E28DDC8AE004AFB6D /* Sources */,
				427CB19F28DDC8AE004AFB6D /* Frameworks */,
				427CB1A028DDC8AE004AFB6D /* Resources */,
			);
			buildRules = (
			);
			dependencies = (
			);
			name = TheOpenMovieDatabase;
			productName = TheOpenMovieDatabase;
			productReference = 427CB1A228DDC8AE004AFB6D /* TheOpenMovieDatabase.app */;
			productType = "com.apple.product-type.application";
		};
/* End PBXNativeTarget section */

/* Begin PBXProject section */
		427CB19A28DDC8AE004AFB6D /* Project object */ = {
			isa = PBXProject;
			attributes = {
				BuildIndependentTargetsInParallel = 1;
				LastSwiftUpdateCheck = 1340;
				LastUpgradeCheck = 1340;
				TargetAttributes = {
					427CB1A128DDC8AE004AFB6D = {
						CreatedOnToolsVersion = 13.4.1;
					};
				};
			};
			buildConfigurationList = 427CB19D28DDC8AE004AFB6D /* Build configuration list for PBXProject "TheOpenMovieDatabase" */;
			compatibilityVersion = "Xcode 13.0";
			developmentRegion = en;
			hasScannedForEncodings = 0;
			knownRegions = (
				en,
				Base,
			);
			mainGroup = 427CB19928DDC8AE004AFB6D;
			productRefGroup = 427CB1A328DDC8AE004AFB6D /* Products */;
			projectDirPath = "";
			projectRoot = "";
			targets = (
				427CB1A128DDC8AE004AFB6D /* TheOpenMovieDatabase */,
			);
		};
/* End PBXProject section */

/* Begin PBXResourcesBuildPhase section */
		427CB1A028DDC8AE004AFB6D /* Resources */ = {
			isa = PBXResourcesBuildPhase;
			buildActionMask = 2147483647;
			files = (
				427CB1B228DDC8B1004AFB6D /* LaunchScreen.storyboard in Resources */,
				427CB1E128DDED79004AFB6D /* BaseViewController.xib in Resources */,
				427CB1AF28DDC8B1004AFB6D /* Assets.xcassets in Resources */,
				427CB1AD28DDC8AE004AFB6D /* Main.storyboard in Resources */,
			);
			runOnlyForDeploymentPostprocessing = 0;
		};
/* End PBXResourcesBuildPhase section */

/* Begin PBXSourcesBuildPhase section */
		427CB19E28DDC8AE004AFB6D /* Sources */ = {
			isa = PBXSourcesBuildPhase;
			buildActionMask = 2147483647;
			files = (
				427CB1AA28DDC8AE004AFB6D /* ViewController.swift in Sources */,
				427CB1DA28DDDA33004AFB6D /* Data+Extension.swift in Sources */,
				427CB1C928DDC9D4004AFB6D /* String+Extension.swift in Sources */,
				427CB1D828DDD0FF004AFB6D /* CustomError.swift in Sources */,
				427CB1A628DDC8AE004AFB6D /* AppDelegate.swift in Sources */,
				427CB1E028DDED79004AFB6D /* BaseViewController.swift in Sources */,
				427CB1D128DDCE6A004AFB6D /* APIErrorModel.swift in Sources */,
				427CB1CD28DDCABA004AFB6D /* ViewControllerViewModel.swift in Sources */,
				427CB1C028DDC94D004AFB6D /* Network.swift in Sources */,
				427CB1C728DDC99C004AFB6D /* Int+Extension.swift in Sources */,
				427CB1D628DDCFB3004AFB6D /* Logger.swift in Sources */,
				427CB1C328DDC966004AFB6D /* MainModel.swift in Sources */,
				427CB1D328DDCF28004AFB6D /* RequestType.swift in Sources */,
				427CB1CF28DDCB00004AFB6D /* ViewControllerViewModelDelegate.swift in Sources */,
				427CB1A828DDC8AE004AFB6D /* SceneDelegate.swift in Sources */,
			);
			runOnlyForDeploymentPostprocessing = 0;
		};
/* End PBXSourcesBuildPhase section */

/* Begin PBXVariantGroup section */
		427CB1AB28DDC8AE004AFB6D /* Main.storyboard */ = {
			isa = PBXVariantGroup;
			children = (
				427CB1AC28DDC8AE004AFB6D /* Base */,
			);
			name = Main.storyboard;
			sourceTree = "<group>";
		};
		427CB1B028DDC8B1004AFB6D /* LaunchScreen.storyboard */ = {
			isa = PBXVariantGroup;
			children = (
				427CB1B128DDC8B1004AFB6D /* Base */,
			);
			name = LaunchScreen.storyboard;
			sourceTree = "<group>";
		};
/* End PBXVariantGroup section */

/* Begin XCBuildConfiguration section */
		427CB1B428DDC8B1004AFB6D /* Debug */ = {
			isa = XCBuildConfiguration;
			buildSettings = {
				ALWAYS_SEARCH_USER_PATHS = NO;
				CLANG_ANALYZER_NONNULL = YES;
				CLANG_ANALYZER_NUMBER_OBJECT_CONVERSION = YES_AGGRESSIVE;
				CLANG_CXX_LANGUAGE_STANDARD = "gnu++17";
				CLANG_ENABLE_MODULES = YES;
				CLANG_ENABLE_OBJC_ARC = YES;
				CLANG_ENABLE_OBJC_WEAK = YES;
				CLANG_WARN_BLOCK_CAPTURE_AUTORELEASING = YES;
				CLANG_WARN_BOOL_CONVERSION = YES;
				CLANG_WARN_COMMA = YES;
				CLANG_WARN_CONSTANT_CONVERSION = YES;
				CLANG_WARN_DEPRECATED_OBJC_IMPLEMENTATIONS = YES;
				CLANG_WARN_DIRECT_OBJC_ISA_USAGE = YES_ERROR;
				CLANG_WARN_DOCUMENTATION_COMMENTS = YES;
				CLANG_WARN_EMPTY_BODY = YES;
				CLANG_WARN_ENUM_CONVERSION = YES;
				CLANG_WARN_INFINITE_RECURSION = YES;
				CLANG_WARN_INT_CONVERSION = YES;
				CLANG_WARN_NON_LITERAL_NULL_CONVERSION = YES;
				CLANG_WARN_OBJC_IMPLICIT_RETAIN_SELF = YES;
				CLANG_WARN_OBJC_LITERAL_CONVERSION = YES;
				CLANG_WARN_OBJC_ROOT_CLASS = YES_ERROR;
				CLANG_WARN_QUOTED_INCLUDE_IN_FRAMEWORK_HEADER = YES;
				CLANG_WARN_RANGE_LOOP_ANALYSIS = YES;
				CLANG_WARN_STRICT_PROTOTYPES = YES;
				CLANG_WARN_SUSPICIOUS_MOVE = YES;
				CLANG_WARN_UNGUARDED_AVAILABILITY = YES_AGGRESSIVE;
				CLANG_WARN_UNREACHABLE_CODE = YES;
				CLANG_WARN__DUPLICATE_METHOD_MATCH = YES;
				COPY_PHASE_STRIP = NO;
				DEBUG_INFORMATION_FORMAT = dwarf;
				ENABLE_STRICT_OBJC_MSGSEND = YES;
				ENABLE_TESTABILITY = YES;
				GCC_C_LANGUAGE_STANDARD = gnu11;
				GCC_DYNAMIC_NO_PIC = NO;
				GCC_NO_COMMON_BLOCKS = YES;
				GCC_OPTIMIZATION_LEVEL = 0;
				GCC_PREPROCESSOR_DEFINITIONS = (
					"DEBUG=1",
					"$(inherited)",
				);
				GCC_WARN_64_TO_32_BIT_CONVERSION = YES;
				GCC_WARN_ABOUT_RETURN_TYPE = YES_ERROR;
				GCC_WARN_UNDECLARED_SELECTOR = YES;
				GCC_WARN_UNINITIALIZED_AUTOS = YES_AGGRESSIVE;
				GCC_WARN_UNUSED_FUNCTION = YES;
				GCC_WARN_UNUSED_VARIABLE = YES;
				IPHONEOS_DEPLOYMENT_TARGET = 15.5;
				MTL_ENABLE_DEBUG_INFO = INCLUDE_SOURCE;
				MTL_FAST_MATH = YES;
				ONLY_ACTIVE_ARCH = YES;
				SDKROOT = iphoneos;
				SWIFT_ACTIVE_COMPILATION_CONDITIONS = DEBUG;
				SWIFT_OPTIMIZATION_LEVEL = "-Onone";
			};
			name = Debug;
		};
		427CB1B528DDC8B1004AFB6D /* Release */ = {
			isa = XCBuildConfiguration;
			buildSettings = {
				ALWAYS_SEARCH_USER_PATHS = NO;
				CLANG_ANALYZER_NONNULL = YES;
				CLANG_ANALYZER_NUMBER_OBJECT_CONVERSION = YES_AGGRESSIVE;
				CLANG_CXX_LANGUAGE_STANDARD = "gnu++17";
				CLANG_ENABLE_MODULES = YES;
				CLANG_ENABLE_OBJC_ARC = YES;
				CLANG_ENABLE_OBJC_WEAK = YES;
				CLANG_WARN_BLOCK_CAPTURE_AUTORELEASING = YES;
				CLANG_WARN_BOOL_CONVERSION = YES;
				CLANG_WARN_COMMA = YES;
				CLANG_WARN_CONSTANT_CONVERSION = YES;
				CLANG_WARN_DEPRECATED_OBJC_IMPLEMENTATIONS = YES;
				CLANG_WARN_DIRECT_OBJC_ISA_USAGE = YES_ERROR;
				CLANG_WARN_DOCUMENTATION_COMMENTS = YES;
				CLANG_WARN_EMPTY_BODY = YES;
				CLANG_WARN_ENUM_CONVERSION = YES;
				CLANG_WARN_INFINITE_RECURSION = YES;
				CLANG_WARN_INT_CONVERSION = YES;
				CLANG_WARN_NON_LITERAL_NULL_CONVERSION = YES;
				CLANG_WARN_OBJC_IMPLICIT_RETAIN_SELF = YES;
				CLANG_WARN_OBJC_LITERAL_CONVERSION = YES;
				CLANG_WARN_OBJC_ROOT_CLASS = YES_ERROR;
				CLANG_WARN_QUOTED_INCLUDE_IN_FRAMEWORK_HEADER = YES;
				CLANG_WARN_RANGE_LOOP_ANALYSIS = YES;
				CLANG_WARN_STRICT_PROTOTYPES = YES;
				CLANG_WARN_SUSPICIOUS_MOVE = YES;
				CLANG_WARN_UNGUARDED_AVAILABILITY = YES_AGGRESSIVE;
				CLANG_WARN_UNREACHABLE_CODE = YES;
				CLANG_WARN__DUPLICATE_METHOD_MATCH = YES;
				COPY_PHASE_STRIP = NO;
				DEBUG_INFORMATION_FORMAT = "dwarf-with-dsym";
				ENABLE_NS_ASSERTIONS = NO;
				ENABLE_STRICT_OBJC_MSGSEND = YES;
				GCC_C_LANGUAGE_STANDARD = gnu11;
				GCC_NO_COMMON_BLOCKS = YES;
				GCC_WARN_64_TO_32_BIT_CONVERSION = YES;
				GCC_WARN_ABOUT_RETURN_TYPE = YES_ERROR;
				GCC_WARN_UNDECLARED_SELECTOR = YES;
				GCC_WARN_UNINITIALIZED_AUTOS = YES_AGGRESSIVE;
				GCC_WARN_UNUSED_FUNCTION = YES;
				GCC_WARN_UNUSED_VARIABLE = YES;
				IPHONEOS_DEPLOYMENT_TARGET = 15.5;
				MTL_ENABLE_DEBUG_INFO = NO;
				MTL_FAST_MATH = YES;
				SDKROOT = iphoneos;
				SWIFT_COMPILATION_MODE = wholemodule;
				SWIFT_OPTIMIZATION_LEVEL = "-O";
				VALIDATE_PRODUCT = YES;
			};
			name = Release;
		};
		427CB1B728DDC8B1004AFB6D /* Debug */ = {
			isa = XCBuildConfiguration;
			buildSettings = {
				ASSETCATALOG_COMPILER_APPICON_NAME = AppIcon;
				ASSETCATALOG_COMPILER_GLOBAL_ACCENT_COLOR_NAME = AccentColor;
				CODE_SIGN_STYLE = Automatic;
				CURRENT_PROJECT_VERSION = 1;
				DEVELOPMENT_TEAM = 7N2H5HVDGB;
				GENERATE_INFOPLIST_FILE = YES;
				INFOPLIST_FILE = TheOpenMovieDatabase/Info.plist;
				INFOPLIST_KEY_UIApplicationSupportsIndirectInputEvents = YES;
				INFOPLIST_KEY_UILaunchStoryboardName = LaunchScreen;
				INFOPLIST_KEY_UIMainStoryboardFile = Main;
				INFOPLIST_KEY_UISupportedInterfaceOrientations_iPad = "UIInterfaceOrientationPortrait UIInterfaceOrientationPortraitUpsideDown UIInterfaceOrientationLandscapeLeft UIInterfaceOrientationLandscapeRight";
				INFOPLIST_KEY_UISupportedInterfaceOrientations_iPhone = "UIInterfaceOrientationPortrait UIInterfaceOrientationLandscapeLeft UIInterfaceOrientationLandscapeRight";
				LD_RUNPATH_SEARCH_PATHS = (
					"$(inherited)",
					"@executable_path/Frameworks",
				);
				MARKETING_VERSION = 1.0;
				PRODUCT_BUNDLE_IDENTIFIER = isoas.TheOpenMovieDatabase;
				PRODUCT_NAME = "$(TARGET_NAME)";
				SWIFT_EMIT_LOC_STRINGS = YES;
				SWIFT_VERSION = 5.0;
				TARGETED_DEVICE_FAMILY = "1,2";
			};
			name = Debug;
		};
		427CB1B828DDC8B1004AFB6D /* Release */ = {
			isa = XCBuildConfiguration;
			buildSettings = {
				ASSETCATALOG_COMPILER_APPICON_NAME = AppIcon;
				ASSETCATALOG_COMPILER_GLOBAL_ACCENT_COLOR_NAME = AccentColor;
				CODE_SIGN_STYLE = Automatic;
				CURRENT_PROJECT_VERSION = 1;
				DEVELOPMENT_TEAM = 7N2H5HVDGB;
				GENERATE_INFOPLIST_FILE = YES;
				INFOPLIST_FILE = TheOpenMovieDatabase/Info.plist;
				INFOPLIST_KEY_UIApplicationSupportsIndirectInputEvents = YES;
				INFOPLIST_KEY_UILaunchStoryboardName = LaunchScreen;
				INFOPLIST_KEY_UIMainStoryboardFile = Main;
				INFOPLIST_KEY_UISupportedInterfaceOrientations_iPad = "UIInterfaceOrientationPortrait UIInterfaceOrientationPortraitUpsideDown UIInterfaceOrientationLandscapeLeft UIInterfaceOrientationLandscapeRight";
				INFOPLIST_KEY_UISupportedInterfaceOrientations_iPhone = "UIInterfaceOrientationPortrait UIInterfaceOrientationLandscapeLeft UIInterfaceOrientationLandscapeRight";
				LD_RUNPATH_SEARCH_PATHS = (
					"$(inherited)",
					"@executable_path/Frameworks",
				);
				MARKETING_VERSION = 1.0;
				PRODUCT_BUNDLE_IDENTIFIER = isoas.TheOpenMovieDatabase;
				PRODUCT_NAME = "$(TARGET_NAME)";
				SWIFT_EMIT_LOC_STRINGS = YES;
				SWIFT_VERSION = 5.0;
				TARGETED_DEVICE_FAMILY = "1,2";
			};
			name = Release;
		};
/* End XCBuildConfiguration section */

/* Begin XCConfigurationList section */
		427CB19D28DDC8AE004AFB6D /* Build configuration list for PBXProject "TheOpenMovieDatabase" */ = {
			isa = XCConfigurationList;
			buildConfigurations = (
				427CB1B428DDC8B1004AFB6D /* Debug */,
				427CB1B528DDC8B1004AFB6D /* Release */,
			);
			defaultConfigurationIsVisible = 0;
			defaultConfigurationName = Release;
		};
		427CB1B628DDC8B1004AFB6D /* Build configuration list for PBXNativeTarget "TheOpenMovieDatabase" */ = {
			isa = XCConfigurationList;
			buildConfigurations = (
				427CB1B728DDC8B1004AFB6D /* Debug */,
				427CB1B828DDC8B1004AFB6D /* Release */,
			);
			defaultConfigurationIsVisible = 0;
			defaultConfigurationName = Release;
		};
/* End XCConfigurationList section */
	};
	rootObject = 427CB19A28DDC8AE004AFB6D /* Project object */;
}
